// !$*UTF8*$!
{
	archiveVersion = 1;
	classes = {
	};
	objectVersion = 50;
	objects = {

/* Begin PBXBuildFile section */
		CE465FD8237A6B73009D1D06 /* AppDelegate.swift in Sources */ = {isa = PBXBuildFile; fileRef = CE465FD7237A6B73009D1D06 /* AppDelegate.swift */; };
		CE465FDA237A6B73009D1D06 /* SceneDelegate.swift in Sources */ = {isa = PBXBuildFile; fileRef = CE465FD9237A6B73009D1D06 /* SceneDelegate.swift */; };
		CE465FDC237A6B73009D1D06 /* ViewController.swift in Sources */ = {isa = PBXBuildFile; fileRef = CE465FDB237A6B73009D1D06 /* ViewController.swift */; };
		CE465FDF237A6B73009D1D06 /* Main.storyboard in Resources */ = {isa = PBXBuildFile; fileRef = CE465FDD237A6B73009D1D06 /* Main.storyboard */; };
		CE465FE2237A6B73009D1D06 /* Recipe_App.xcdatamodeld in Sources */ = {isa = PBXBuildFile; fileRef = CE465FE0237A6B73009D1D06 /* Recipe_App.xcdatamodeld */; };
		CE465FE4237A6B79009D1D06 /* Assets.xcassets in Resources */ = {isa = PBXBuildFile; fileRef = CE465FE3237A6B79009D1D06 /* Assets.xcassets */; };
		CE465FE7237A6B79009D1D06 /* LaunchScreen.storyboard in Resources */ = {isa = PBXBuildFile; fileRef = CE465FE5237A6B79009D1D06 /* LaunchScreen.storyboard */; };
		CE465FF3237A6D8A009D1D06 /* IngredientsAdd.swift in Sources */ = {isa = PBXBuildFile; fileRef = CE465FF2237A6D8A009D1D06 /* IngredientsAdd.swift */; };
		CE465FF5237A6DC3009D1D06 /* RecipesViewController.swift in Sources */ = {isa = PBXBuildFile; fileRef = CE465FF4237A6DC3009D1D06 /* RecipesViewController.swift */; };
		CE465FF9237A742E009D1D06 /* RecipeView.swift in Sources */ = {isa = PBXBuildFile; fileRef = CE465FF8237A742E009D1D06 /* RecipeView.swift */; };
		CE77132C2389D391002DD135 /* PantryView in Resources */ = {isa = PBXBuildFile; fileRef = CE77132B2389D391002DD135 /* PantryView */; };
		CEE360E5238331F300CBC08E /* HomeScreen.swift in Sources */ = {isa = PBXBuildFile; fileRef = CEE360E4238331F300CBC08E /* HomeScreen.swift */; };
		CEE360E92383509C00CBC08E /* SignIn.swift in Sources */ = {isa = PBXBuildFile; fileRef = CEE360E82383509C00CBC08E /* SignIn.swift */; };
		CEE360EB238350C100CBC08E /* Settings.swift in Sources */ = {isa = PBXBuildFile; fileRef = CEE360EA238350C100CBC08E /* Settings.swift */; };
		CEE360ED238350D600CBC08E /* SavedRecipes.swift in Sources */ = {isa = PBXBuildFile; fileRef = CEE360EC238350D600CBC08E /* SavedRecipes.swift */; };
		CEE3610023835DE000CBC08E /* Profile.swift in Sources */ = {isa = PBXBuildFile; fileRef = CEE360FF23835DE000CBC08E /* Profile.swift */; };
		CEF23F8D238B471F0086BD14 /* PantryViewController.swift in Sources */ = {isa = PBXBuildFile; fileRef = CEF23F8C238B471F0086BD14 /* PantryViewController.swift */; };
		CEF23F8F238B47580086BD14 /* PantryViewCell.swift in Sources */ = {isa = PBXBuildFile; fileRef = CEF23F8E238B47580086BD14 /* PantryViewCell.swift */; };
/* End PBXBuildFile section */

/* Begin PBXFileReference section */
		CE465FD4237A6B73009D1D06 /* Recipe App.app */ = {isa = PBXFileReference; explicitFileType = wrapper.application; includeInIndex = 0; path = "Recipe App.app"; sourceTree = BUILT_PRODUCTS_DIR; };
		CE465FD7237A6B73009D1D06 /* AppDelegate.swift */ = {isa = PBXFileReference; lastKnownFileType = sourcecode.swift; path = AppDelegate.swift; sourceTree = "<group>"; };
		CE465FD9237A6B73009D1D06 /* SceneDelegate.swift */ = {isa = PBXFileReference; lastKnownFileType = sourcecode.swift; path = SceneDelegate.swift; sourceTree = "<group>"; };
		CE465FDB237A6B73009D1D06 /* ViewController.swift */ = {isa = PBXFileReference; lastKnownFileType = sourcecode.swift; path = ViewController.swift; sourceTree = "<group>"; };
		CE465FDE237A6B73009D1D06 /* Base */ = {isa = PBXFileReference; lastKnownFileType = file.storyboard; name = Base; path = Base.lproj/Main.storyboard; sourceTree = "<group>"; };
		CE465FE1237A6B73009D1D06 /* Recipe_App.xcdatamodel */ = {isa = PBXFileReference; lastKnownFileType = wrapper.xcdatamodel; path = Recipe_App.xcdatamodel; sourceTree = "<group>"; };
		CE465FE3237A6B79009D1D06 /* Assets.xcassets */ = {isa = PBXFileReference; lastKnownFileType = folder.assetcatalog; path = Assets.xcassets; sourceTree = "<group>"; };
		CE465FE6237A6B79009D1D06 /* Base */ = {isa = PBXFileReference; lastKnownFileType = file.storyboard; name = Base; path = Base.lproj/LaunchScreen.storyboard; sourceTree = "<group>"; };
		CE465FE8237A6B79009D1D06 /* Info.plist */ = {isa = PBXFileReference; lastKnownFileType = text.plist.xml; path = Info.plist; sourceTree = "<group>"; };
		CE465FF2237A6D8A009D1D06 /* IngredientsAdd.swift */ = {isa = PBXFileReference; lastKnownFileType = sourcecode.swift; path = IngredientsAdd.swift; sourceTree = "<group>"; };
		CE465FF4237A6DC3009D1D06 /* RecipesViewController.swift */ = {isa = PBXFileReference; lastKnownFileType = sourcecode.swift; path = RecipesViewController.swift; sourceTree = "<group>"; };
		CE465FF8237A742E009D1D06 /* RecipeView.swift */ = {isa = PBXFileReference; lastKnownFileType = sourcecode.swift; name = RecipeView.swift; path = ../RecipeView.swift; sourceTree = "<group>"; };
		CE77132B2389D391002DD135 /* PantryView */ = {isa = PBXFileReference; lastKnownFileType = folder; path = PantryView; sourceTree = "<group>"; };
		CEE360E4238331F300CBC08E /* HomeScreen.swift */ = {isa = PBXFileReference; lastKnownFileType = sourcecode.swift; path = HomeScreen.swift; sourceTree = "<group>"; };
		CEE360E82383509C00CBC08E /* SignIn.swift */ = {isa = PBXFileReference; lastKnownFileType = sourcecode.swift; path = SignIn.swift; sourceTree = "<group>"; };
		CEE360EA238350C100CBC08E /* Settings.swift */ = {isa = PBXFileReference; lastKnownFileType = sourcecode.swift; path = Settings.swift; sourceTree = "<group>"; };
		CEE360EC238350D600CBC08E /* SavedRecipes.swift */ = {isa = PBXFileReference; lastKnownFileType = sourcecode.swift; path = SavedRecipes.swift; sourceTree = "<group>"; };
		CEE360FF23835DE000CBC08E /* Profile.swift */ = {isa = PBXFileReference; lastKnownFileType = sourcecode.swift; name = Profile.swift; path = "/Users/User/Documents/Apps/ECS189E/project-f19-recipeapp/Recipe App/Recipe App/Profile.swift"; sourceTree = "<absolute>"; };
		CEF23F8C238B471F0086BD14 /* PantryViewController.swift */ = {isa = PBXFileReference; lastKnownFileType = sourcecode.swift; name = PantryViewController.swift; path = "Recipe App/PantryView/PantryViewController.swift"; sourceTree = "<group>"; };
		CEF23F8E238B47580086BD14 /* PantryViewCell.swift */ = {isa = PBXFileReference; lastKnownFileType = sourcecode.swift; name = PantryViewCell.swift; path = "Recipe App/PantryView/PantryViewCell.swift"; sourceTree = "<group>"; };
/* End PBXFileReference section */

/* Begin PBXFrameworksBuildPhase section */
		CE465FD1237A6B73009D1D06 /* Frameworks */ = {
			isa = PBXFrameworksBuildPhase;
			buildActionMask = 2147483647;
			files = (
			);
			runOnlyForDeploymentPostprocessing = 0;
		};
/* End PBXFrameworksBuildPhase section */

/* Begin PBXGroup section */
		CE465FCB237A6B73009D1D06 = {
			isa = PBXGroup;
			children = (
				CEF23F8E238B47580086BD14 /* PantryViewCell.swift */,
				CEF23F8C238B471F0086BD14 /* PantryViewController.swift */,
				CE465FD6237A6B73009D1D06 /* Recipe App */,
				CE465FD5237A6B73009D1D06 /* Products */,
			);
			sourceTree = "<group>";
		};
		CE465FD5237A6B73009D1D06 /* Products */ = {
			isa = PBXGroup;
			children = (
				CE465FD4237A6B73009D1D06 /* Recipe App.app */,
			);
			name = Products;
			sourceTree = "<group>";
		};
		CE465FD6237A6B73009D1D06 /* Recipe App */ = {
			isa = PBXGroup;
			children = (
				CEE360FF23835DE000CBC08E /* Profile.swift */,
				CE465FF8237A742E009D1D06 /* RecipeView.swift */,
				CE77132B2389D391002DD135 /* PantryView */,
				CE465FF2237A6D8A009D1D06 /* IngredientsAdd.swift */,
				CE465FF4237A6DC3009D1D06 /* RecipesViewController.swift */,
				CE465FD7237A6B73009D1D06 /* AppDelegate.swift */,
				CE465FD9237A6B73009D1D06 /* SceneDelegate.swift */,
				CE465FDB237A6B73009D1D06 /* ViewController.swift */,
				CE465FDD237A6B73009D1D06 /* Main.storyboard */,
				CEE360E82383509C00CBC08E /* SignIn.swift */,
				CEE360EA238350C100CBC08E /* Settings.swift */,
				CEE360EC238350D600CBC08E /* SavedRecipes.swift */,
				CE465FE3237A6B79009D1D06 /* Assets.xcassets */,
				CE465FE5237A6B79009D1D06 /* LaunchScreen.storyboard */,
				CEE360E4238331F300CBC08E /* HomeScreen.swift */,
				CE465FE8237A6B79009D1D06 /* Info.plist */,
				CE465FE0237A6B73009D1D06 /* Recipe_App.xcdatamodeld */,
			);
			path = "Recipe App";
			sourceTree = "<group>";
		};
/* End PBXGroup section */

/* Begin PBXNativeTarget section */
		CE465FD3237A6B73009D1D06 /* Recipe App */ = {
			isa = PBXNativeTarget;
			buildConfigurationList = CE465FEB237A6B79009D1D06 /* Build configuration list for PBXNativeTarget "Recipe App" */;
			buildPhases = (
				CE465FD0237A6B73009D1D06 /* Sources */,
				CE465FD1237A6B73009D1D06 /* Frameworks */,
				CE465FD2237A6B73009D1D06 /* Resources */,
			);
			buildRules = (
			);
			dependencies = (
			);
			name = "Recipe App";
			productName = "Recipe App";
			productReference = CE465FD4237A6B73009D1D06 /* Recipe App.app */;
			productType = "com.apple.product-type.application";
		};
/* End PBXNativeTarget section */

/* Begin PBXProject section */
		CE465FCC237A6B73009D1D06 /* Project object */ = {
			isa = PBXProject;
			attributes = {
				LastSwiftUpdateCheck = 1100;
				LastUpgradeCheck = 1100;
				ORGANIZATIONNAME = "ECS 189E Group 11";
				TargetAttributes = {
					CE465FD3237A6B73009D1D06 = {
						CreatedOnToolsVersion = 11.0;
					};
				};
			};
			buildConfigurationList = CE465FCF237A6B73009D1D06 /* Build configuration list for PBXProject "Recipe App" */;
			compatibilityVersion = "Xcode 9.3";
			developmentRegion = en;
			hasScannedForEncodings = 0;
			knownRegions = (
				en,
				Base,
			);
			mainGroup = CE465FCB237A6B73009D1D06;
			productRefGroup = CE465FD5237A6B73009D1D06 /* Products */;
			projectDirPath = "";
			projectRoot = "";
			targets = (
				CE465FD3237A6B73009D1D06 /* Recipe App */,
			);
		};
/* End PBXProject section */

/* Begin PBXResourcesBuildPhase section */
		CE465FD2237A6B73009D1D06 /* Resources */ = {
			isa = PBXResourcesBuildPhase;
			buildActionMask = 2147483647;
			files = (
				CE465FE7237A6B79009D1D06 /* LaunchScreen.storyboard in Resources */,
				CE465FE4237A6B79009D1D06 /* Assets.xcassets in Resources */,
				CE465FDF237A6B73009D1D06 /* Main.storyboard in Resources */,
				CE77132C2389D391002DD135 /* PantryView in Resources */,
			);
			runOnlyForDeploymentPostprocessing = 0;
		};
/* End PBXResourcesBuildPhase section */

/* Begin PBXSourcesBuildPhase section */
		CE465FD0237A6B73009D1D06 /* Sources */ = {
			isa = PBXSourcesBuildPhase;
			buildActionMask = 2147483647;
			files = (
				CEF23F8D238B471F0086BD14 /* PantryViewController.swift in Sources */,
				CE465FDC237A6B73009D1D06 /* ViewController.swift in Sources */,
				CE465FF5237A6DC3009D1D06 /* RecipesViewController.swift in Sources */,
				CEE360E92383509C00CBC08E /* SignIn.swift in Sources */,
				CEE3610023835DE000CBC08E /* Profile.swift in Sources */,
				CE465FD8237A6B73009D1D06 /* AppDelegate.swift in Sources */,
				CE465FF3237A6D8A009D1D06 /* IngredientsAdd.swift in Sources */,
				CEE360EB238350C100CBC08E /* Settings.swift in Sources */,
				CE465FDA237A6B73009D1D06 /* SceneDelegate.swift in Sources */,
				CEE360ED238350D600CBC08E /* SavedRecipes.swift in Sources */,
				CEE360E5238331F300CBC08E /* HomeScreen.swift in Sources */,
				CE465FF9237A742E009D1D06 /* RecipeView.swift in Sources */,
				CEF23F8F238B47580086BD14 /* PantryViewCell.swift in Sources */,
				CE465FE2237A6B73009D1D06 /* Recipe_App.xcdatamodeld in Sources */,
			);
			runOnlyForDeploymentPostprocessing = 0;
		};
/* End PBXSourcesBuildPhase section */

/* Begin PBXVariantGroup section */
		CE465FDD237A6B73009D1D06 /* Main.storyboard */ = {
			isa = PBXVariantGroup;
			children = (
				CE465FDE237A6B73009D1D06 /* Base */,
			);
			name = Main.storyboard;
			sourceTree = "<group>";
		};
		CE465FE5237A6B79009D1D06 /* LaunchScreen.storyboard */ = {
			isa = PBXVariantGroup;
			children = (
				CE465FE6237A6B79009D1D06 /* Base */,
			);
			name = LaunchScreen.storyboard;
			sourceTree = "<group>";
		};
/* End PBXVariantGroup section */

/* Begin XCBuildConfiguration section */
		CE465FE9237A6B79009D1D06 /* Debug */ = {
			isa = XCBuildConfiguration;
			buildSettings = {
				ALWAYS_SEARCH_USER_PATHS = NO;
				CLANG_ANALYZER_NONNULL = YES;
				CLANG_ANALYZER_NUMBER_OBJECT_CONVERSION = YES_AGGRESSIVE;
				CLANG_CXX_LANGUAGE_STANDARD = "gnu++14";
				CLANG_CXX_LIBRARY = "libc++";
				CLANG_ENABLE_MODULES = YES;
				CLANG_ENABLE_OBJC_ARC = YES;
				CLANG_ENABLE_OBJC_WEAK = YES;
				CLANG_WARN_BLOCK_CAPTURE_AUTORELEASING = YES;
				CLANG_WARN_BOOL_CONVERSION = YES;
				CLANG_WARN_COMMA = YES;
				CLANG_WARN_CONSTANT_CONVERSION = YES;
				CLANG_WARN_DEPRECATED_OBJC_IMPLEMENTATIONS = YES;
				CLANG_WARN_DIRECT_OBJC_ISA_USAGE = YES_ERROR;
				CLANG_WARN_DOCUMENTATION_COMMENTS = YES;
				CLANG_WARN_EMPTY_BODY = YES;
				CLANG_WARN_ENUM_CONVERSION = YES;
				CLANG_WARN_INFINITE_RECURSION = YES;
				CLANG_WARN_INT_CONVERSION = YES;
				CLANG_WARN_NON_LITERAL_NULL_CONVERSION = YES;
				CLANG_WARN_OBJC_IMPLICIT_RETAIN_SELF = YES;
				CLANG_WARN_OBJC_LITERAL_CONVERSION = YES;
				CLANG_WARN_OBJC_ROOT_CLASS = YES_ERROR;
				CLANG_WARN_RANGE_LOOP_ANALYSIS = YES;
				CLANG_WARN_STRICT_PROTOTYPES = YES;
				CLANG_WARN_SUSPICIOUS_MOVE = YES;
				CLANG_WARN_UNGUARDED_AVAILABILITY = YES_AGGRESSIVE;
				CLANG_WARN_UNREACHABLE_CODE = YES;
				CLANG_WARN__DUPLICATE_METHOD_MATCH = YES;
				COPY_PHASE_STRIP = NO;
				DEBUG_INFORMATION_FORMAT = dwarf;
				ENABLE_STRICT_OBJC_MSGSEND = YES;
				ENABLE_TESTABILITY = YES;
				GCC_C_LANGUAGE_STANDARD = gnu11;
				GCC_DYNAMIC_NO_PIC = NO;
				GCC_NO_COMMON_BLOCKS = YES;
				GCC_OPTIMIZATION_LEVEL = 0;
				GCC_PREPROCESSOR_DEFINITIONS = (
					"DEBUG=1",
					"$(inherited)",
				);
				GCC_WARN_64_TO_32_BIT_CONVERSION = YES;
				GCC_WARN_ABOUT_RETURN_TYPE = YES_ERROR;
				GCC_WARN_UNDECLARED_SELECTOR = YES;
				GCC_WARN_UNINITIALIZED_AUTOS = YES_AGGRESSIVE;
				GCC_WARN_UNUSED_FUNCTION = YES;
				GCC_WARN_UNUSED_VARIABLE = YES;
				IPHONEOS_DEPLOYMENT_TARGET = 13.0;
				MTL_ENABLE_DEBUG_INFO = INCLUDE_SOURCE;
				MTL_FAST_MATH = YES;
				ONLY_ACTIVE_ARCH = YES;
				SDKROOT = iphoneos;
				SWIFT_ACTIVE_COMPILATION_CONDITIONS = DEBUG;
				SWIFT_OPTIMIZATION_LEVEL = "-Onone";
			};
			name = Debug;
		};
		CE465FEA237A6B79009D1D06 /* Release */ = {
			isa = XCBuildConfiguration;
			buildSettings = {
				ALWAYS_SEARCH_USER_PATHS = NO;
				CLANG_ANALYZER_NONNULL = YES;
				CLANG_ANALYZER_NUMBER_OBJECT_CONVERSION = YES_AGGRESSIVE;
				CLANG_CXX_LANGUAGE_STANDARD = "gnu++14";
				CLANG_CXX_LIBRARY = "libc++";
				CLANG_ENABLE_MODULES = YES;
				CLANG_ENABLE_OBJC_ARC = YES;
				CLANG_ENABLE_OBJC_WEAK = YES;
				CLANG_WARN_BLOCK_CAPTURE_AUTORELEASING = YES;
				CLANG_WARN_BOOL_CONVERSION = YES;
				CLANG_WARN_COMMA = YES;
				CLANG_WARN_CONSTANT_CONVERSION = YES;
				CLANG_WARN_DEPRECATED_OBJC_IMPLEMENTATIONS = YES;
				CLANG_WARN_DIRECT_OBJC_ISA_USAGE = YES_ERROR;
				CLANG_WARN_DOCUMENTATION_COMMENTS = YES;
				CLANG_WARN_EMPTY_BODY = YES;
				CLANG_WARN_ENUM_CONVERSION = YES;
				CLANG_WARN_INFINITE_RECURSION = YES;
				CLANG_WARN_INT_CONVERSION = YES;
				CLANG_WARN_NON_LITERAL_NULL_CONVERSION = YES;
				CLANG_WARN_OBJC_IMPLICIT_RETAIN_SELF = YES;
				CLANG_WARN_OBJC_LITERAL_CONVERSION = YES;
				CLANG_WARN_OBJC_ROOT_CLASS = YES_ERROR;
				CLANG_WARN_RANGE_LOOP_ANALYSIS = YES;
				CLANG_WARN_STRICT_PROTOTYPES = YES;
				CLANG_WARN_SUSPICIOUS_MOVE = YES;
				CLANG_WARN_UNGUARDED_AVAILABILITY = YES_AGGRESSIVE;
				CLANG_WARN_UNREACHABLE_CODE = YES;
				CLANG_WARN__DUPLICATE_METHOD_MATCH = YES;
				COPY_PHASE_STRIP = NO;
				DEBUG_INFORMATION_FORMAT = "dwarf-with-dsym";
				ENABLE_NS_ASSERTIONS = NO;
				ENABLE_STRICT_OBJC_MSGSEND = YES;
				GCC_C_LANGUAGE_STANDARD = gnu11;
				GCC_NO_COMMON_BLOCKS = YES;
				GCC_WARN_64_TO_32_BIT_CONVERSION = YES;
				GCC_WARN_ABOUT_RETURN_TYPE = YES_ERROR;
				GCC_WARN_UNDECLARED_SELECTOR = YES;
				GCC_WARN_UNINITIALIZED_AUTOS = YES_AGGRESSIVE;
				GCC_WARN_UNUSED_FUNCTION = YES;
				GCC_WARN_UNUSED_VARIABLE = YES;
				IPHONEOS_DEPLOYMENT_TARGET = 13.0;
				MTL_ENABLE_DEBUG_INFO = NO;
				MTL_FAST_MATH = YES;
				SDKROOT = iphoneos;
				SWIFT_COMPILATION_MODE = wholemodule;
				SWIFT_OPTIMIZATION_LEVEL = "-O";
				VALIDATE_PRODUCT = YES;
			};
			name = Release;
		};
		CE465FEC237A6B79009D1D06 /* Debug */ = {
			isa = XCBuildConfiguration;
			buildSettings = {
				ASSETCATALOG_COMPILER_APPICON_NAME = AppIcon;
				CODE_SIGN_STYLE = Automatic;
				DEVELOPMENT_TEAM = 7X4546XXFK;
				INFOPLIST_FILE = "Recipe App/Info.plist";
				LD_RUNPATH_SEARCH_PATHS = (
					"$(inherited)",
					"@executable_path/Frameworks",
				);
				PRODUCT_BUNDLE_IDENTIFIER = "UC-Davis.Recipe-App";
				PRODUCT_NAME = "$(TARGET_NAME)";
				SWIFT_VERSION = 5.0;
				TARGETED_DEVICE_FAMILY = "1,2";
			};
			name = Debug;
		};
		CE465FED237A6B79009D1D06 /* Release */ = {
			isa = XCBuildConfiguration;
			buildSettings = {
				ASSETCATALOG_COMPILER_APPICON_NAME = AppIcon;
				CODE_SIGN_STYLE = Automatic;
				DEVELOPMENT_TEAM = 7X4546XXFK;
				INFOPLIST_FILE = "Recipe App/Info.plist";
				LD_RUNPATH_SEARCH_PATHS = (
					"$(inherited)",
					"@executable_path/Frameworks",
				);
				PRODUCT_BUNDLE_IDENTIFIER = "UC-Davis.Recipe-App";
				PRODUCT_NAME = "$(TARGET_NAME)";
				SWIFT_VERSION = 5.0;
				TARGETED_DEVICE_FAMILY = "1,2";
			};
			name = Release;
		};
/* End XCBuildConfiguration section */

/* Begin XCConfigurationList section */
		CE465FCF237A6B73009D1D06 /* Build configuration list for PBXProject "Recipe App" */ = {
			isa = XCConfigurationList;
			buildConfigurations = (
				CE465FE9237A6B79009D1D06 /* Debug */,
				CE465FEA237A6B79009D1D06 /* Release */,
			);
			defaultConfigurationIsVisible = 0;
			defaultConfigurationName = Release;
		};
		CE465FEB237A6B79009D1D06 /* Build configuration list for PBXNativeTarget "Recipe App" */ = {
			isa = XCConfigurationList;
			buildConfigurations = (
				CE465FEC237A6B79009D1D06 /* Debug */,
				CE465FED237A6B79009D1D06 /* Release */,
			);
			defaultConfigurationIsVisible = 0;
			defaultConfigurationName = Release;
		};
/* End XCConfigurationList section */

/* Begin XCVersionGroup section */
		CE465FE0237A6B73009D1D06 /* Recipe_App.xcdatamodeld */ = {
			isa = XCVersionGroup;
			children = (
				CE465FE1237A6B73009D1D06 /* Recipe_App.xcdatamodel */,
			);
			currentVersion = CE465FE1237A6B73009D1D06 /* Recipe_App.xcdatamodel */;
			path = Recipe_App.xcdatamodeld;
			sourceTree = "<group>";
			versionGroupType = wrapper.xcdatamodel;
		};
/* End XCVersionGroup section */
	};
	rootObject = CE465FCC237A6B73009D1D06 /* Project object */;
}
